// !$*UTF8*$!
{
	archiveVersion = 1;
	classes = {
	};
	objectVersion = 77;
	objects = {

/* Begin PBXBuildFile section */
		7BF411CE2D0159F00046EE3B /* Sparkle in Frameworks */ = {isa = PBXBuildFile; productRef = 7BF411CD2D0159F00046EE3B /* Sparkle */; };
/* End PBXBuildFile section */

/* Begin PBXContainerItemProxy section */
		7B22967E2CC74F39007C9D76 /* PBXContainerItemProxy */ = {
			isa = PBXContainerItemProxy;
			containerPortal = 7B2296642CC74F38007C9D76 /* Project object */;
			proxyType = 1;
			remoteGlobalIDString = 7B22966B2CC74F38007C9D76;
			remoteInfo = TrialMacAppGUI;
		};
		7B2296882CC74F39007C9D76 /* PBXContainerItemProxy */ = {
			isa = PBXContainerItemProxy;
			containerPortal = 7B2296642CC74F38007C9D76 /* Project object */;
			proxyType = 1;
			remoteGlobalIDString = 7B22966B2CC74F38007C9D76;
			remoteInfo = TrialMacAppGUI;
		};
/* End PBXContainerItemProxy section */

/* Begin PBXFileReference section */
		7B22966C2CC74F38007C9D76 /* TrialMacAppGUI.app */ = {isa = PBXFileReference; explicitFileType = wrapper.application; includeInIndex = 0; path = TrialMacAppGUI.app; sourceTree = BUILT_PRODUCTS_DIR; };
		7B22967D2CC74F39007C9D76 /* TrialMacAppGUITests.xctest */ = {isa = PBXFileReference; explicitFileType = wrapper.cfbundle; includeInIndex = 0; path = TrialMacAppGUITests.xctest; sourceTree = BUILT_PRODUCTS_DIR; };
		7B2296872CC74F39007C9D76 /* TrialMacAppGUIUITests.xctest */ = {isa = PBXFileReference; explicitFileType = wrapper.cfbundle; includeInIndex = 0; path = TrialMacAppGUIUITests.xctest; sourceTree = BUILT_PRODUCTS_DIR; };
/* End PBXFileReference section */

/* Begin PBXFileSystemSynchronizedBuildFileExceptionSet section */
		7BDB693B2CCF5CFD00AA1CEE /* Exceptions for "TrialMacAppGUI" folder in "TrialMacAppGUI" target */ = {
			isa = PBXFileSystemSynchronizedBuildFileExceptionSet;
			membershipExceptions = (
				Info.plist,
				Other/libTrialMacApp.dylib,
			);
			target = 7B22966B2CC74F38007C9D76 /* TrialMacAppGUI */;
		};
/* End PBXFileSystemSynchronizedBuildFileExceptionSet section */

/* Begin PBXFileSystemSynchronizedGroupBuildPhaseMembershipExceptionSet section */
		7B0FE9782D03FF9C00CD47F8 /* Exceptions for "TrialMacAppGUI" folder in "Copy Bundle Resources" phase from "TrialMacAppGUI" target */ = {
			isa = PBXFileSystemSynchronizedGroupBuildPhaseMembershipExceptionSet;
			buildPhase = 7B22966A2CC74F38007C9D76 /* Resources */;
			membershipExceptions = (
				Other/libTrialMacApp.dylib,
			);
		};
/* End PBXFileSystemSynchronizedGroupBuildPhaseMembershipExceptionSet section */

/* Begin PBXFileSystemSynchronizedRootGroup section */
		7B22966E2CC74F38007C9D76 /* TrialMacAppGUI */ = {
			isa = PBXFileSystemSynchronizedRootGroup;
			exceptions = (
				7BDB693B2CCF5CFD00AA1CEE /* Exceptions for "TrialMacAppGUI" folder in "TrialMacAppGUI" target */,
				7B0FE9782D03FF9C00CD47F8 /* Exceptions for "TrialMacAppGUI" folder in "Copy Bundle Resources" phase from "TrialMacAppGUI" target */,
			);
			path = TrialMacAppGUI;
			sourceTree = "<group>";
		};
/* End PBXFileSystemSynchronizedRootGroup section */

/* Begin PBXFrameworksBuildPhase section */
		7B2296692CC74F38007C9D76 /* Frameworks */ = {
			isa = PBXFrameworksBuildPhase;
			buildActionMask = 2147483647;
			files = (
				7BF411CE2D0159F00046EE3B /* Sparkle in Frameworks */,
			);
			runOnlyForDeploymentPostprocessing = 0;
		};
		7B22967A2CC74F39007C9D76 /* Frameworks */ = {
			isa = PBXFrameworksBuildPhase;
			buildActionMask = 2147483647;
			files = (
			);
			runOnlyForDeploymentPostprocessing = 0;
		};
		7B2296842CC74F39007C9D76 /* Frameworks */ = {
			isa = PBXFrameworksBuildPhase;
			buildActionMask = 2147483647;
			files = (
			);
			runOnlyForDeploymentPostprocessing = 0;
		};
/* End PBXFrameworksBuildPhase section */

/* Begin PBXGroup section */
		7B2296632CC74F38007C9D76 = {
			isa = PBXGroup;
			children = (
				7B22966E2CC74F38007C9D76 /* TrialMacAppGUI */,
				7BF411CC2D0159F00046EE3B /* Frameworks */,
				7B22966D2CC74F38007C9D76 /* Products */,
			);
			sourceTree = "<group>";
		};
		7B22966D2CC74F38007C9D76 /* Products */ = {
			isa = PBXGroup;
			children = (
				7B22966C2CC74F38007C9D76 /* TrialMacAppGUI.app */,
				7B22967D2CC74F39007C9D76 /* TrialMacAppGUITests.xctest */,
				7B2296872CC74F39007C9D76 /* TrialMacAppGUIUITests.xctest */,
			);
			name = Products;
			sourceTree = "<group>";
		};
		7BF411CC2D0159F00046EE3B /* Frameworks */ = {
			isa = PBXGroup;
			children = (
			);
			name = Frameworks;
			sourceTree = "<group>";
		};
/* End PBXGroup section */

/* Begin PBXNativeTarget section */
		7B22966B2CC74F38007C9D76 /* TrialMacAppGUI */ = {
			isa = PBXNativeTarget;
			buildConfigurationList = 7B2296912CC74F3A007C9D76 /* Build configuration list for PBXNativeTarget "TrialMacAppGUI" */;
			buildPhases = (
				7B2296682CC74F38007C9D76 /* Sources */,
				7B2296692CC74F38007C9D76 /* Frameworks */,
				7B22966A2CC74F38007C9D76 /* Resources */,
			);
			buildRules = (
			);
			dependencies = (
			);
			fileSystemSynchronizedGroups = (
				7B22966E2CC74F38007C9D76 /* TrialMacAppGUI */,
			);
			name = TrialMacAppGUI;
			packageProductDependencies = (
				7BF411CD2D0159F00046EE3B /* Sparkle */,
			);
			productName = TrialMacAppGUI;
			productReference = 7B22966C2CC74F38007C9D76 /* TrialMacAppGUI.app */;
			productType = "com.apple.product-type.application";
		};
		7B22967C2CC74F39007C9D76 /* TrialMacAppGUITests */ = {
			isa = PBXNativeTarget;
			buildConfigurationList = 7B2296942CC74F3A007C9D76 /* Build configuration list for PBXNativeTarget "TrialMacAppGUITests" */;
			buildPhases = (
				7B2296792CC74F39007C9D76 /* Sources */,
				7B22967A2CC74F39007C9D76 /* Frameworks */,
				7B22967B2CC74F39007C9D76 /* Resources */,
			);
			buildRules = (
			);
			dependencies = (
				7B22967F2CC74F39007C9D76 /* PBXTargetDependency */,
			);
			name = TrialMacAppGUITests;
			packageProductDependencies = (
			);
			productName = TrialMacAppGUITests;
			productReference = 7B22967D2CC74F39007C9D76 /* TrialMacAppGUITests.xctest */;
			productType = "com.apple.product-type.bundle.unit-test";
		};
		7B2296862CC74F39007C9D76 /* TrialMacAppGUIUITests */ = {
			isa = PBXNativeTarget;
			buildConfigurationList = 7B2296972CC74F3A007C9D76 /* Build configuration list for PBXNativeTarget "TrialMacAppGUIUITests" */;
			buildPhases = (
				7B2296832CC74F39007C9D76 /* Sources */,
				7B2296842CC74F39007C9D76 /* Frameworks */,
				7B2296852CC74F39007C9D76 /* Resources */,
			);
			buildRules = (
			);
			dependencies = (
				7B2296892CC74F39007C9D76 /* PBXTargetDependency */,
			);
			name = TrialMacAppGUIUITests;
			packageProductDependencies = (
			);
			productName = TrialMacAppGUIUITests;
			productReference = 7B2296872CC74F39007C9D76 /* TrialMacAppGUIUITests.xctest */;
			productType = "com.apple.product-type.bundle.ui-testing";
		};
/* End PBXNativeTarget section */

/* Begin PBXProject section */
		7B2296642CC74F38007C9D76 /* Project object */ = {
			isa = PBXProject;
			attributes = {
				BuildIndependentTargetsInParallel = 1;
				LastSwiftUpdateCheck = 1600;
				LastUpgradeCheck = 1600;
				TargetAttributes = {
					7B22966B2CC74F38007C9D76 = {
						CreatedOnToolsVersion = 16.0;
					};
					7B22967C2CC74F39007C9D76 = {
						CreatedOnToolsVersion = 16.0;
						TestTargetID = 7B22966B2CC74F38007C9D76;
					};
					7B2296862CC74F39007C9D76 = {
						CreatedOnToolsVersion = 16.0;
						TestTargetID = 7B22966B2CC74F38007C9D76;
					};
				};
			};
			buildConfigurationList = 7B2296672CC74F38007C9D76 /* Build configuration list for PBXProject "TrialMacAppGUI" */;
			developmentRegion = en;
			hasScannedForEncodings = 0;
			knownRegions = (
				en,
				Base,
				"zh-Hans",
			);
			mainGroup = 7B2296632CC74F38007C9D76;
			minimizedProjectReferenceProxies = 1;
			packageReferences = (
				7BF411CB2D0159DB0046EE3B /* XCRemoteSwiftPackageReference "Sparkle" */,
			);
			preferredProjectObjectVersion = 77;
			productRefGroup = 7B22966D2CC74F38007C9D76 /* Products */;
			projectDirPath = "";
			projectRoot = "";
			targets = (
				7B22966B2CC74F38007C9D76 /* TrialMacAppGUI */,
				7B22967C2CC74F39007C9D76 /* TrialMacAppGUITests */,
				7B2296862CC74F39007C9D76 /* TrialMacAppGUIUITests */,
			);
		};
/* End PBXProject section */

/* Begin PBXResourcesBuildPhase section */
		7B22966A2CC74F38007C9D76 /* Resources */ = {
			isa = PBXResourcesBuildPhase;
			buildActionMask = 2147483647;
			files = (
			);
			runOnlyForDeploymentPostprocessing = 0;
		};
		7B22967B2CC74F39007C9D76 /* Resources */ = {
			isa = PBXResourcesBuildPhase;
			buildActionMask = 2147483647;
			files = (
			);
			runOnlyForDeploymentPostprocessing = 0;
		};
		7B2296852CC74F39007C9D76 /* Resources */ = {
			isa = PBXResourcesBuildPhase;
			buildActionMask = 2147483647;
			files = (
			);
			runOnlyForDeploymentPostprocessing = 0;
		};
/* End PBXResourcesBuildPhase section */

/* Begin PBXSourcesBuildPhase section */
		7B2296682CC74F38007C9D76 /* Sources */ = {
			isa = PBXSourcesBuildPhase;
			buildActionMask = 2147483647;
			files = (
			);
			runOnlyForDeploymentPostprocessing = 0;
		};
		7B2296792CC74F39007C9D76 /* Sources */ = {
			isa = PBXSourcesBuildPhase;
			buildActionMask = 2147483647;
			files = (
			);
			runOnlyForDeploymentPostprocessing = 0;
		};
		7B2296832CC74F39007C9D76 /* Sources */ = {
			isa = PBXSourcesBuildPhase;
			buildActionMask = 2147483647;
			files = (
			);
			runOnlyForDeploymentPostprocessing = 0;
		};
/* End PBXSourcesBuildPhase section */

/* Begin PBXTargetDependency section */
		7B22967F2CC74F39007C9D76 /* PBXTargetDependency */ = {
			isa = PBXTargetDependency;
			target = 7B22966B2CC74F38007C9D76 /* TrialMacAppGUI */;
			targetProxy = 7B22967E2CC74F39007C9D76 /* PBXContainerItemProxy */;
		};
		7B2296892CC74F39007C9D76 /* PBXTargetDependency */ = {
			isa = PBXTargetDependency;
			target = 7B22966B2CC74F38007C9D76 /* TrialMacAppGUI */;
			targetProxy = 7B2296882CC74F39007C9D76 /* PBXContainerItemProxy */;
		};
/* End PBXTargetDependency section */

/* Begin XCBuildConfiguration section */
		7B22968F2CC74F3A007C9D76 /* Debug */ = {
			isa = XCBuildConfiguration;
			buildSettings = {
				ALWAYS_SEARCH_USER_PATHS = NO;
				ASSETCATALOG_COMPILER_GENERATE_SWIFT_ASSET_SYMBOL_EXTENSIONS = YES;
				CLANG_ANALYZER_NONNULL = YES;
				CLANG_ANALYZER_NUMBER_OBJECT_CONVERSION = YES_AGGRESSIVE;
				CLANG_CXX_LANGUAGE_STANDARD = "gnu++20";
				CLANG_ENABLE_MODULES = YES;
				CLANG_ENABLE_OBJC_ARC = YES;
				CLANG_ENABLE_OBJC_WEAK = YES;
				CLANG_WARN_BLOCK_CAPTURE_AUTORELEASING = YES;
				CLANG_WARN_BOOL_CONVERSION = YES;
				CLANG_WARN_COMMA = YES;
				CLANG_WARN_CONSTANT_CONVERSION = YES;
				CLANG_WARN_DEPRECATED_OBJC_IMPLEMENTATIONS = YES;
				CLANG_WARN_DIRECT_OBJC_ISA_USAGE = YES_ERROR;
				CLANG_WARN_DOCUMENTATION_COMMENTS = YES;
				CLANG_WARN_EMPTY_BODY = YES;
				CLANG_WARN_ENUM_CONVERSION = YES;
				CLANG_WARN_INFINITE_RECURSION = YES;
				CLANG_WARN_INT_CONVERSION = YES;
				CLANG_WARN_NON_LITERAL_NULL_CONVERSION = YES;
				CLANG_WARN_OBJC_IMPLICIT_RETAIN_SELF = YES;
				CLANG_WARN_OBJC_LITERAL_CONVERSION = YES;
				CLANG_WARN_OBJC_ROOT_CLASS = YES_ERROR;
				CLANG_WARN_QUOTED_INCLUDE_IN_FRAMEWORK_HEADER = YES;
				CLANG_WARN_RANGE_LOOP_ANALYSIS = YES;
				CLANG_WARN_STRICT_PROTOTYPES = YES;
				CLANG_WARN_SUSPICIOUS_MOVE = YES;
				CLANG_WARN_UNGUARDED_AVAILABILITY = YES_AGGRESSIVE;
				CLANG_WARN_UNREACHABLE_CODE = YES;
				CLANG_WARN__DUPLICATE_METHOD_MATCH = YES;
				COPY_PHASE_STRIP = NO;
				DEBUG_INFORMATION_FORMAT = dwarf;
				ENABLE_STRICT_OBJC_MSGSEND = YES;
				ENABLE_TESTABILITY = YES;
				ENABLE_USER_SCRIPT_SANDBOXING = YES;
				GCC_C_LANGUAGE_STANDARD = gnu17;
				GCC_DYNAMIC_NO_PIC = NO;
				GCC_NO_COMMON_BLOCKS = YES;
				GCC_OPTIMIZATION_LEVEL = 0;
				GCC_PREPROCESSOR_DEFINITIONS = (
					"DEBUG=1",
					"$(inherited)",
				);
				GCC_WARN_64_TO_32_BIT_CONVERSION = YES;
				GCC_WARN_ABOUT_RETURN_TYPE = YES_ERROR;
				GCC_WARN_UNDECLARED_SELECTOR = YES;
				GCC_WARN_UNINITIALIZED_AUTOS = YES_AGGRESSIVE;
				GCC_WARN_UNUSED_FUNCTION = YES;
				GCC_WARN_UNUSED_VARIABLE = YES;
				LOCALIZATION_PREFERS_STRING_CATALOGS = YES;
				MACOSX_DEPLOYMENT_TARGET = 15.0;
				MTL_ENABLE_DEBUG_INFO = INCLUDE_SOURCE;
				MTL_FAST_MATH = YES;
				ONLY_ACTIVE_ARCH = YES;
				SDKROOT = macosx;
				SWIFT_ACTIVE_COMPILATION_CONDITIONS = "DEBUG $(inherited)";
				SWIFT_EMIT_LOC_STRINGS = YES;
				SWIFT_OPTIMIZATION_LEVEL = "-Onone";
			};
			name = Debug;
		};
		7B2296902CC74F3A007C9D76 /* Release */ = {
			isa = XCBuildConfiguration;
			buildSettings = {
				ALWAYS_SEARCH_USER_PATHS = NO;
				ASSETCATALOG_COMPILER_GENERATE_SWIFT_ASSET_SYMBOL_EXTENSIONS = YES;
				CLANG_ANALYZER_NONNULL = YES;
				CLANG_ANALYZER_NUMBER_OBJECT_CONVERSION = YES_AGGRESSIVE;
				CLANG_CXX_LANGUAGE_STANDARD = "gnu++20";
				CLANG_ENABLE_MODULES = YES;
				CLANG_ENABLE_OBJC_ARC = YES;
				CLANG_ENABLE_OBJC_WEAK = YES;
				CLANG_WARN_BLOCK_CAPTURE_AUTORELEASING = YES;
				CLANG_WARN_BOOL_CONVERSION = YES;
				CLANG_WARN_COMMA = YES;
				CLANG_WARN_CONSTANT_CONVERSION = YES;
				CLANG_WARN_DEPRECATED_OBJC_IMPLEMENTATIONS = YES;
				CLANG_WARN_DIRECT_OBJC_ISA_USAGE = YES_ERROR;
				CLANG_WARN_DOCUMENTATION_COMMENTS = YES;
				CLANG_WARN_EMPTY_BODY = YES;
				CLANG_WARN_ENUM_CONVERSION = YES;
				CLANG_WARN_INFINITE_RECURSION = YES;
				CLANG_WARN_INT_CONVERSION = YES;
				CLANG_WARN_NON_LITERAL_NULL_CONVERSION = YES;
				CLANG_WARN_OBJC_IMPLICIT_RETAIN_SELF = YES;
				CLANG_WARN_OBJC_LITERAL_CONVERSION = YES;
				CLANG_WARN_OBJC_ROOT_CLASS = YES_ERROR;
				CLANG_WARN_QUOTED_INCLUDE_IN_FRAMEWORK_HEADER = YES;
				CLANG_WARN_RANGE_LOOP_ANALYSIS = YES;
				CLANG_WARN_STRICT_PROTOTYPES = YES;
				CLANG_WARN_SUSPICIOUS_MOVE = YES;
				CLANG_WARN_UNGUARDED_AVAILABILITY = YES_AGGRESSIVE;
				CLANG_WARN_UNREACHABLE_CODE = YES;
				CLANG_WARN__DUPLICATE_METHOD_MATCH = YES;
				COPY_PHASE_STRIP = NO;
				DEBUG_INFORMATION_FORMAT = "dwarf-with-dsym";
				ENABLE_NS_ASSERTIONS = NO;
				ENABLE_STRICT_OBJC_MSGSEND = YES;
				ENABLE_USER_SCRIPT_SANDBOXING = YES;
				GCC_C_LANGUAGE_STANDARD = gnu17;
				GCC_NO_COMMON_BLOCKS = YES;
				GCC_WARN_64_TO_32_BIT_CONVERSION = YES;
				GCC_WARN_ABOUT_RETURN_TYPE = YES_ERROR;
				GCC_WARN_UNDECLARED_SELECTOR = YES;
				GCC_WARN_UNINITIALIZED_AUTOS = YES_AGGRESSIVE;
				GCC_WARN_UNUSED_FUNCTION = YES;
				GCC_WARN_UNUSED_VARIABLE = YES;
				LOCALIZATION_PREFERS_STRING_CATALOGS = YES;
				MACOSX_DEPLOYMENT_TARGET = 15.0;
				MTL_ENABLE_DEBUG_INFO = NO;
				MTL_FAST_MATH = YES;
				SDKROOT = macosx;
				SWIFT_COMPILATION_MODE = wholemodule;
				SWIFT_EMIT_LOC_STRINGS = YES;
			};
			name = Release;
		};
		7B2296922CC74F3A007C9D76 /* Debug */ = {
			isa = XCBuildConfiguration;
			buildSettings = {
				ARCHS = "$(ARCHS_STANDARD)";
				ASSETCATALOG_COMPILER_APPICON_NAME = AppIcon;
				ASSETCATALOG_COMPILER_GLOBAL_ACCENT_COLOR_NAME = AccentColor;
				CODE_SIGN_ENTITLEMENTS = TrialMacAppGUI/TrialMacAppGUI.entitlements;
				CODE_SIGN_STYLE = Automatic;
				COMBINE_HIDPI_IMAGES = YES;
				CURRENT_PROJECT_VERSION = 15;
				DEVELOPMENT_ASSET_PATHS = TrialMacAppGUI/Assets.xcassets;
				DEVELOPMENT_TEAM = "";
				ENABLE_HARDENED_RUNTIME = NO;
				ENABLE_PREVIEWS = YES;
				EXCLUDED_ARCHS = "";
				GENERATE_INFOPLIST_FILE = YES;
				INFOPLIST_FILE = TrialMacAppGUI/Info.plist;
				INFOPLIST_KEY_CFBundleDisplayName = "";
				INFOPLIST_KEY_LSApplicationCategoryType = "public.app-category.utilities";
				INFOPLIST_KEY_NSHumanReadableCopyright = "";
				LD_RUNPATH_SEARCH_PATHS = (
					"$(inherited)",
					"@executable_path/../Frameworks",
				);
				LIBRARY_SEARCH_PATHS = (
					"$(inherited)",
					"$(PROJECT_DIR)/TrialMacAppGUI/Other",
				);
				MACOSX_DEPLOYMENT_TARGET = 13.0;
				MARKETING_VERSION = 1.2;
				ONLY_ACTIVE_ARCH = YES;
				PRODUCT_BUNDLE_IDENTIFIER = io.github.TrialMacApp.TrialMacAppGUI;
				PRODUCT_NAME = "$(TARGET_NAME)";
				SWIFT_EMIT_LOC_STRINGS = YES;
				SWIFT_VERSION = 5.0;
			};
			name = Debug;
		};
		7B2296932CC74F3A007C9D76 /* Release */ = {
			isa = XCBuildConfiguration;
			buildSettings = {
				ARCHS = "$(ARCHS_STANDARD)";
				ASSETCATALOG_COMPILER_APPICON_NAME = AppIcon;
				ASSETCATALOG_COMPILER_GLOBAL_ACCENT_COLOR_NAME = AccentColor;
				CODE_SIGN_ENTITLEMENTS = TrialMacAppGUI/TrialMacAppGUI.entitlements;
				CODE_SIGN_STYLE = Automatic;
				COMBINE_HIDPI_IMAGES = YES;
				CURRENT_PROJECT_VERSION = 15;
				DEVELOPMENT_ASSET_PATHS = TrialMacAppGUI/Assets.xcassets;
				DEVELOPMENT_TEAM = "";
				ENABLE_HARDENED_RUNTIME = NO;
				ENABLE_PREVIEWS = YES;
				EXCLUDED_ARCHS = "";
				GENERATE_INFOPLIST_FILE = YES;
				INFOPLIST_FILE = TrialMacAppGUI/Info.plist;
				INFOPLIST_KEY_CFBundleDisplayName = "";
				INFOPLIST_KEY_LSApplicationCategoryType = "public.app-category.utilities";
				INFOPLIST_KEY_NSHumanReadableCopyright = "";
				LD_RUNPATH_SEARCH_PATHS = (
					"$(inherited)",
					"@executable_path/../Frameworks",
				);
				LIBRARY_SEARCH_PATHS = (
					"$(inherited)",
					"$(PROJECT_DIR)/TrialMacAppGUI/Other",
				);
				MACOSX_DEPLOYMENT_TARGET = 13.0;
				MARKETING_VERSION = 1.2;
				ONLY_ACTIVE_ARCH = NO;
				PRODUCT_BUNDLE_IDENTIFIER = io.github.TrialMacApp.TrialMacAppGUI;
				PRODUCT_NAME = "$(TARGET_NAME)";
				SWIFT_EMIT_LOC_STRINGS = YES;
				SWIFT_VERSION = 5.0;
			};
			name = Release;
		};
		7B2296952CC74F3A007C9D76 /* Debug */ = {
			isa = XCBuildConfiguration;
			buildSettings = {
				BUNDLE_LOADER = "$(TEST_HOST)";
				CODE_SIGN_STYLE = Automatic;
				CURRENT_PROJECT_VERSION = 1;
				GENERATE_INFOPLIST_FILE = YES;
				MACOSX_DEPLOYMENT_TARGET = 15.0;
				MARKETING_VERSION = 1.0;
				PRODUCT_BUNDLE_IDENTIFIER = io.github.TrialMacApp.TrialMacAppGUITests;
				PRODUCT_NAME = "$(TARGET_NAME)";
				SWIFT_EMIT_LOC_STRINGS = NO;
				SWIFT_VERSION = 5.0;
				TEST_HOST = "$(BUILT_PRODUCTS_DIR)/TrialMacAppGUI.app/$(BUNDLE_EXECUTABLE_FOLDER_PATH)/TrialMacAppGUI";
			};
			name = Debug;
		};
		7B2296962CC74F3A007C9D76 /* Release */ = {
			isa = XCBuildConfiguration;
			buildSettings = {
				BUNDLE_LOADER = "$(TEST_HOST)";
				CODE_SIGN_STYLE = Automatic;
				CURRENT_PROJECT_VERSION = 1;
				GENERATE_INFOPLIST_FILE = YES;
				MACOSX_DEPLOYMENT_TARGET = 15.0;
				MARKETING_VERSION = 1.0;
				PRODUCT_BUNDLE_IDENTIFIER = io.github.TrialMacApp.TrialMacAppGUITests;
				PRODUCT_NAME = "$(TARGET_NAME)";
				SWIFT_EMIT_LOC_STRINGS = NO;
				SWIFT_VERSION = 5.0;
				TEST_HOST = "$(BUILT_PRODUCTS_DIR)/TrialMacAppGUI.app/$(BUNDLE_EXECUTABLE_FOLDER_PATH)/TrialMacAppGUI";
			};
			name = Release;
		};
		7B2296982CC74F3A007C9D76 /* Debug */ = {
			isa = XCBuildConfiguration;
			buildSettings = {
				CODE_SIGN_STYLE = Automatic;
				CURRENT_PROJECT_VERSION = 1;
				GENERATE_INFOPLIST_FILE = YES;
				MARKETING_VERSION = 1.0;
				PRODUCT_BUNDLE_IDENTIFIER = io.github.TrialMacApp.TrialMacAppGUIUITests;
				PRODUCT_NAME = "$(TARGET_NAME)";
				SWIFT_EMIT_LOC_STRINGS = NO;
				SWIFT_VERSION = 5.0;
				TEST_TARGET_NAME = TrialMacAppGUI;
			};
			name = Debug;
		};
		7B2296992CC74F3A007C9D76 /* Release */ = {
			isa = XCBuildConfiguration;
			buildSettings = {
				CODE_SIGN_STYLE = Automatic;
				CURRENT_PROJECT_VERSION = 1;
				GENERATE_INFOPLIST_FILE = YES;
				MARKETING_VERSION = 1.0;
				PRODUCT_BUNDLE_IDENTIFIER = io.github.TrialMacApp.TrialMacAppGUIUITests;
				PRODUCT_NAME = "$(TARGET_NAME)";
				SWIFT_EMIT_LOC_STRINGS = NO;
				SWIFT_VERSION = 5.0;
				TEST_TARGET_NAME = TrialMacAppGUI;
			};
			name = Release;
		};
/* End XCBuildConfiguration section */

/* Begin XCConfigurationList section */
		7B2296672CC74F38007C9D76 /* Build configuration list for PBXProject "TrialMacAppGUI" */ = {
			isa = XCConfigurationList;
			buildConfigurations = (
				7B22968F2CC74F3A007C9D76 /* Debug */,
				7B2296902CC74F3A007C9D76 /* Release */,
			);
			defaultConfigurationIsVisible = 0;
			defaultConfigurationName = Release;
		};
		7B2296912CC74F3A007C9D76 /* Build configuration list for PBXNativeTarget "TrialMacAppGUI" */ = {
			isa = XCConfigurationList;
			buildConfigurations = (
				7B2296922CC74F3A007C9D76 /* Debug */,
				7B2296932CC74F3A007C9D76 /* Release */,
			);
			defaultConfigurationIsVisible = 0;
			defaultConfigurationName = Release;
		};
		7B2296942CC74F3A007C9D76 /* Build configuration list for PBXNativeTarget "TrialMacAppGUITests" */ = {
			isa = XCConfigurationList;
			buildConfigurations = (
				7B2296952CC74F3A007C9D76 /* Debug */,
				7B2296962CC74F3A007C9D76 /* Release */,
			);
			defaultConfigurationIsVisible = 0;
			defaultConfigurationName = Release;
		};
		7B2296972CC74F3A007C9D76 /* Build configuration list for PBXNativeTarget "TrialMacAppGUIUITests" */ = {
			isa = XCConfigurationList;
			buildConfigurations = (
				7B2296982CC74F3A007C9D76 /* Debug */,
				7B2296992CC74F3A007C9D76 /* Release */,
			);
			defaultConfigurationIsVisible = 0;
			defaultConfigurationName = Release;
		};
/* End XCConfigurationList section */

/* Begin XCRemoteSwiftPackageReference section */
		7BF411CB2D0159DB0046EE3B /* XCRemoteSwiftPackageReference "Sparkle" */ = {
			isa = XCRemoteSwiftPackageReference;
			repositoryURL = "https://github.com/sparkle-project/Sparkle";
			requirement = {
				kind = upToNextMajorVersion;
				minimumVersion = 2.6.4;
			};
		};
/* End XCRemoteSwiftPackageReference section */

/* Begin XCSwiftPackageProductDependency section */
		7BF411CD2D0159F00046EE3B /* Sparkle */ = {
			isa = XCSwiftPackageProductDependency;
			package = 7BF411CB2D0159DB0046EE3B /* XCRemoteSwiftPackageReference "Sparkle" */;
			productName = Sparkle;
		};
/* End XCSwiftPackageProductDependency section */
	};
	rootObject = 7B2296642CC74F38007C9D76 /* Project object */;
}
